
Microsoft Visual Studio Solution File, Format Version 12.00
# Visual Studio Version 16
VisualStudioVersion = 16.0.30717.126
MinimumVisualStudioVersion = 10.0.40219.1
Project("{9A19103F-16F7-4668-BE54-9A1E7A4F7556}") = "PozitronDev.FiscalPrinter", "src\PozitronDev.FiscalPrinter\PozitronDev.FiscalPrinter.csproj", "{8F8B1D34-F547-4645-83B9-0AEA7B5DB283}"
EndProject
Project("{2150E333-8FDC-42A3-9474-1A3956D46DE8}") = "Solution Items", "Solution Items", "{7FCC42C4-6E97-4373-AE60-18402C76B585}"
	ProjectSection(SolutionItems) = preProject
		LICENSE.txt = LICENSE.txt
	EndProjectSection
EndProject
Global
	GlobalSection(SolutionConfigurationPlatforms) = preSolution
		Debug|Any CPU = Debug|Any CPU
		Release|Any CPU = Release|Any CPU
	EndGlobalSection
	GlobalSection(ProjectConfigurationPlatforms) = postSolution
		{8F8B1D34-F547-4645-83B9-0AEA7B5DB283}.Debug|Any CPU.ActiveCfg = Debug|Any CPU
		{8F8B1D34-F547-4645-83B9-0AEA7B5DB283}.Debug|Any CPU.Build.0 = Debug|Any CPU
		{8F8B1D34-F547-4645-83B9-0AEA7B5DB283}.Release|Any CPU.ActiveCfg = Release|Any CPU
		{8F8B1D34-F547-4645-83B9-0AEA7B5DB283}.Release|Any CPU.Build.0 = Release|Any CPU
	EndGlobalSection
	GlobalSection(SolutionProperties) = preSolution
		HideSolutionNode = FALSE
	EndGlobalSection
	GlobalSection(ExtensibilityGlobals) = postSolution
		SolutionGuid = {A102B81C-6E0C-4354-BA15-264BA6695E5E}
	EndGlobalSection
EndGlobal
